
Microsoft Visual Studio Solution File, Format Version 12.00
# Visual Studio Version 17
VisualStudioVersion = 17.14.36221.1 d17.14
MinimumVisualStudioVersion = 10.0.40219.1
Project("{FAE04EC0-301F-11D3-BF4B-00C04F79EFBC}") = "TodoList", "TodoList\TodoList.csproj", "{DCF86905-0D4B-420A-88D3-7A4B2287B5B9}"
EndProject
Global
	GlobalSection(SolutionConfigurationPlatforms) = preSolution
		Debug|Any CPU = Debug|Any CPU
		Release|Any CPU = Release|Any CPU
	EndGlobalSection
	GlobalSection(ProjectConfigurationPlatforms) = postSolution
		{DCF86905-0D4B-420A-88D3-7A4B2287B5B9}.Debug|Any CPU.ActiveCfg = Debug|Any CPU
		{DCF86905-0D4B-420A-88D3-7A4B2287B5B9}.Debug|Any CPU.Build.0 = Debug|Any CPU
		{DCF86905-0D4B-420A-88D3-7A4B2287B5B9}.Release|Any CPU.ActiveCfg = Release|Any CPU
		{DCF86905-0D4B-420A-88D3-7A4B2287B5B9}.Release|Any CPU.Build.0 = Release|Any CPU
	EndGlobalSection
	GlobalSection(SolutionProperties) = preSolution
		HideSolutionNode = FALSE
	EndGlobalSection
	GlobalSection(ExtensibilityGlobals) = postSolution
		SolutionGuid = {390999C8-9985-44B4-A845-6B9798E974E4}
	EndGlobalSection
EndGlobal
